
Microsoft Visual Studio Solution File, Format Version 12.00
# Visual Studio Version 17
VisualStudioVersion = 17.3.32901.215
MinimumVisualStudioVersion = 10.0.40219.1
Project("{FAE04EC0-301F-11D3-BF4B-00C04F79EFBC}") = "PreyPredatorModel", "PreyPredator\PreyPredatorModel.csproj", "{506F0C6B-AB47-462A-80A7-3CC5B1788C1D}"
EndProject
Global
	GlobalSection(SolutionConfigurationPlatforms) = preSolution
		Debug|Any CPU = Debug|Any CPU
		Release|Any CPU = Release|Any CPU
	EndGlobalSection
	GlobalSection(ProjectConfigurationPlatforms) = postSolution
		{506F0C6B-AB47-462A-80A7-3CC5B1788C1D}.Debug|Any CPU.ActiveCfg = Debug|Any CPU
		{506F0C6B-AB47-462A-80A7-3CC5B1788C1D}.Debug|Any CPU.Build.0 = Debug|Any CPU
		{506F0C6B-AB47-462A-80A7-3CC5B1788C1D}.Release|Any CPU.ActiveCfg = Release|Any CPU
		{506F0C6B-AB47-462A-80A7-3CC5B1788C1D}.Release|Any CPU.Build.0 = Release|Any CPU
	EndGlobalSection
	GlobalSection(SolutionProperties) = preSolution
		HideSolutionNode = FALSE
	EndGlobalSection
	GlobalSection(ExtensibilityGlobals) = postSolution
		SolutionGuid = {2933B60C-B8B8-4078-AD26-E757F74096D9}
	EndGlobalSection
EndGlobal
